
Microsoft Visual Studio Solution File, Format Version 12.00
# Visual Studio Version 16
VisualStudioVersion = 16.0.29911.84
MinimumVisualStudioVersion = 10.0.40219.1
Project("{9A19103F-16F7-4668-BE54-9A1E7A4F7556}") = "GestionReclamos", "GestionReclamos\GestionReclamos.csproj", "{0E2AE061-8477-4BAD-B406-3F24FB2E3788}"
EndProject
Project("{FAE04EC0-301F-11D3-BF4B-00C04F79EFBC}") = "GestionReclamos.Domain", "GestionReclamos.Domain\GestionReclamos.Domain.csproj", "{F9656976-32D5-4DE5-A075-FE18A0CCF718}"
EndProject
Project("{FAE04EC0-301F-11D3-BF4B-00C04F79EFBC}") = "GestionReclamos.Application", "GestionReclamos.Application\GestionReclamos.Application.csproj", "{6A84AA66-7156-45BD-A528-0097E0085115}"
EndProject
Project("{FAE04EC0-301F-11D3-BF4B-00C04F79EFBC}") = "GestionReclamos.Infrastructure", "GestionReclamos.Infrastructure\GestionReclamos.Infrastructure.csproj", "{8B3C77BC-0C20-4A1E-A781-D7442EDAA841}"
EndProject
Global
	GlobalSection(SolutionConfigurationPlatforms) = preSolution
		Debug|Any CPU = Debug|Any CPU
		Release|Any CPU = Release|Any CPU
	EndGlobalSection
	GlobalSection(ProjectConfigurationPlatforms) = postSolution
		{0E2AE061-8477-4BAD-B406-3F24FB2E3788}.Debug|Any CPU.ActiveCfg = Debug|Any CPU
		{0E2AE061-8477-4BAD-B406-3F24FB2E3788}.Debug|Any CPU.Build.0 = Debug|Any CPU
		{0E2AE061-8477-4BAD-B406-3F24FB2E3788}.Release|Any CPU.ActiveCfg = Release|Any CPU
		{0E2AE061-8477-4BAD-B406-3F24FB2E3788}.Release|Any CPU.Build.0 = Release|Any CPU
		{F9656976-32D5-4DE5-A075-FE18A0CCF718}.Debug|Any CPU.ActiveCfg = Debug|Any CPU
		{F9656976-32D5-4DE5-A075-FE18A0CCF718}.Debug|Any CPU.Build.0 = Debug|Any CPU
		{F9656976-32D5-4DE5-A075-FE18A0CCF718}.Release|Any CPU.ActiveCfg = Release|Any CPU
		{F9656976-32D5-4DE5-A075-FE18A0CCF718}.Release|Any CPU.Build.0 = Release|Any CPU
		{6A84AA66-7156-45BD-A528-0097E0085115}.Debug|Any CPU.ActiveCfg = Debug|Any CPU
		{6A84AA66-7156-45BD-A528-0097E0085115}.Debug|Any CPU.Build.0 = Debug|Any CPU
		{6A84AA66-7156-45BD-A528-0097E0085115}.Release|Any CPU.ActiveCfg = Release|Any CPU
		{6A84AA66-7156-45BD-A528-0097E0085115}.Release|Any CPU.Build.0 = Release|Any CPU
		{8B3C77BC-0C20-4A1E-A781-D7442EDAA841}.Debug|Any CPU.ActiveCfg = Debug|Any CPU
		{8B3C77BC-0C20-4A1E-A781-D7442EDAA841}.Debug|Any CPU.Build.0 = Debug|Any CPU
		{8B3C77BC-0C20-4A1E-A781-D7442EDAA841}.Release|Any CPU.ActiveCfg = Release|Any CPU
		{8B3C77BC-0C20-4A1E-A781-D7442EDAA841}.Release|Any CPU.Build.0 = Release|Any CPU
	EndGlobalSection
	GlobalSection(SolutionProperties) = preSolution
		HideSolutionNode = FALSE
	EndGlobalSection
	GlobalSection(ExtensibilityGlobals) = postSolution
		SolutionGuid = {F06221F4-5706-449F-A33E-814D971E8631}
	EndGlobalSection
EndGlobal
